
Microsoft Visual Studio Solution File, Format Version 12.00
# Visual Studio 15
VisualStudioVersion = 15.0.28307.489
MinimumVisualStudioVersion = 10.0.40219.1
Project("{00D1A9C2-B5F0-4AF3-8072-F6C62B433612}") = "ContosoUniversityData", "ContosoUniversityData\ContosoUniversityData.sqlproj", "{6386577E-71C7-4AA5-BB87-270C4ADEF8F0}"
EndProject
Project("{FAE04EC0-301F-11D3-BF4B-00C04F79EFBC}") = "ContosoSite", "ContosoSite\ContosoSite.csproj", "{6040CCAA-EE61-4474-8F1D-85A8E840494E}"
EndProject
Global
	GlobalSection(SolutionConfigurationPlatforms) = preSolution
		Debug|Any CPU = Debug|Any CPU
		Release|Any CPU = Release|Any CPU
	EndGlobalSection
	GlobalSection(ProjectConfigurationPlatforms) = postSolution
		{6386577E-71C7-4AA5-BB87-270C4ADEF8F0}.Debug|Any CPU.ActiveCfg = Debug|Any CPU
		{6386577E-71C7-4AA5-BB87-270C4ADEF8F0}.Debug|Any CPU.Build.0 = Debug|Any CPU
		{6386577E-71C7-4AA5-BB87-270C4ADEF8F0}.Debug|Any CPU.Deploy.0 = Debug|Any CPU
		{6386577E-71C7-4AA5-BB87-270C4ADEF8F0}.Release|Any CPU.ActiveCfg = Release|Any CPU
		{6386577E-71C7-4AA5-BB87-270C4ADEF8F0}.Release|Any CPU.Build.0 = Release|Any CPU
		{6386577E-71C7-4AA5-BB87-270C4ADEF8F0}.Release|Any CPU.Deploy.0 = Release|Any CPU
		{6040CCAA-EE61-4474-8F1D-85A8E840494E}.Debug|Any CPU.ActiveCfg = Debug|Any CPU
		{6040CCAA-EE61-4474-8F1D-85A8E840494E}.Debug|Any CPU.Build.0 = Debug|Any CPU
		{6040CCAA-EE61-4474-8F1D-85A8E840494E}.Release|Any CPU.ActiveCfg = Release|Any CPU
		{6040CCAA-EE61-4474-8F1D-85A8E840494E}.Release|Any CPU.Build.0 = Release|Any CPU
	EndGlobalSection
	GlobalSection(SolutionProperties) = preSolution
		HideSolutionNode = FALSE
	EndGlobalSection
	GlobalSection(ExtensibilityGlobals) = postSolution
		SolutionGuid = {7F264981-2B07-4D20-929C-3B98F3862D22}
	EndGlobalSection
EndGlobal
