
Microsoft Visual Studio Solution File, Format Version 12.00
# Visual Studio 15
VisualStudioVersion = 15.0.28307.489
MinimumVisualStudioVersion = 10.0.40219.1
Project("{FAE04EC0-301F-11D3-BF4B-00C04F79EFBC}") = "Remove Duplicates", "Remove Duplicates\Remove Duplicates.csproj", "{72137D1F-B4E9-4D80-BF3E-FA3A3713397C}"
EndProject
Global
	GlobalSection(SolutionConfigurationPlatforms) = preSolution
		Debug|Any CPU = Debug|Any CPU
		Release|Any CPU = Release|Any CPU
	EndGlobalSection
	GlobalSection(ProjectConfigurationPlatforms) = postSolution
		{72137D1F-B4E9-4D80-BF3E-FA3A3713397C}.Debug|Any CPU.ActiveCfg = Debug|Any CPU
		{72137D1F-B4E9-4D80-BF3E-FA3A3713397C}.Debug|Any CPU.Build.0 = Debug|Any CPU
		{72137D1F-B4E9-4D80-BF3E-FA3A3713397C}.Release|Any CPU.ActiveCfg = Release|Any CPU
		{72137D1F-B4E9-4D80-BF3E-FA3A3713397C}.Release|Any CPU.Build.0 = Release|Any CPU
	EndGlobalSection
	GlobalSection(SolutionProperties) = preSolution
		HideSolutionNode = FALSE
	EndGlobalSection
	GlobalSection(ExtensibilityGlobals) = postSolution
		SolutionGuid = {CB85715B-5CFD-4701-9983-1D19F3AB00A0}
	EndGlobalSection
EndGlobal
