
Microsoft Visual Studio Solution File, Format Version 12.00
# Visual Studio 15
VisualStudioVersion = 15.0.28307.421
MinimumVisualStudioVersion = 10.0.40219.1
Project("{F184B08F-C81C-45F6-A57F-5ABD9991F28F}") = "Davila_Eduardo_w3", "Davila_Eduardo_w3\Davila_Eduardo_w3.vbproj", "{C9FF5369-BED7-40EB-8B59-8AD6C4A31F3A}"
EndProject
Global
	GlobalSection(SolutionConfigurationPlatforms) = preSolution
		Debug|Any CPU = Debug|Any CPU
		Release|Any CPU = Release|Any CPU
	EndGlobalSection
	GlobalSection(ProjectConfigurationPlatforms) = postSolution
		{C9FF5369-BED7-40EB-8B59-8AD6C4A31F3A}.Debug|Any CPU.ActiveCfg = Debug|Any CPU
		{C9FF5369-BED7-40EB-8B59-8AD6C4A31F3A}.Debug|Any CPU.Build.0 = Debug|Any CPU
		{C9FF5369-BED7-40EB-8B59-8AD6C4A31F3A}.Release|Any CPU.ActiveCfg = Release|Any CPU
		{C9FF5369-BED7-40EB-8B59-8AD6C4A31F3A}.Release|Any CPU.Build.0 = Release|Any CPU
	EndGlobalSection
	GlobalSection(SolutionProperties) = preSolution
		HideSolutionNode = FALSE
	EndGlobalSection
	GlobalSection(ExtensibilityGlobals) = postSolution
		SolutionGuid = {DED47B16-75A8-4C1C-8D16-BA240F3AE9AA}
	EndGlobalSection
EndGlobal
