
Microsoft Visual Studio Solution File, Format Version 12.00
# Visual Studio 15
VisualStudioVersion = 15.0.28307.421
MinimumVisualStudioVersion = 10.0.40219.1
Project("{FAE04EC0-301F-11D3-BF4B-00C04F79EFBC}") = "ReadTextFile", "ReadTextFile\ReadTextFile.csproj", "{B9BFC0F0-4A49-40EF-8188-20240F0CFAE2}"
EndProject
Global
	GlobalSection(SolutionConfigurationPlatforms) = preSolution
		Debug|Any CPU = Debug|Any CPU
		Release|Any CPU = Release|Any CPU
	EndGlobalSection
	GlobalSection(ProjectConfigurationPlatforms) = postSolution
		{B9BFC0F0-4A49-40EF-8188-20240F0CFAE2}.Debug|Any CPU.ActiveCfg = Debug|Any CPU
		{B9BFC0F0-4A49-40EF-8188-20240F0CFAE2}.Debug|Any CPU.Build.0 = Debug|Any CPU
		{B9BFC0F0-4A49-40EF-8188-20240F0CFAE2}.Release|Any CPU.ActiveCfg = Release|Any CPU
		{B9BFC0F0-4A49-40EF-8188-20240F0CFAE2}.Release|Any CPU.Build.0 = Release|Any CPU
	EndGlobalSection
	GlobalSection(SolutionProperties) = preSolution
		HideSolutionNode = FALSE
	EndGlobalSection
	GlobalSection(ExtensibilityGlobals) = postSolution
		SolutionGuid = {257D3BB9-CCDE-4F4C-A1E2-3D0F44BD240D}
	EndGlobalSection
EndGlobal
